
Microsoft Visual Studio Solution File, Format Version 12.00
# Visual Studio 15
VisualStudioVersion = 15.0.26730.16
MinimumVisualStudioVersion = 10.0.40219.1
Project("{FAE04EC0-301F-11D3-BF4B-00C04F79EFBC}") = "contract", "contract\contract.csproj", "{FCAB26F6-07E4-4871-AF01-808848404DD9}"
EndProject
Global
	GlobalSection(SolutionConfigurationPlatforms) = preSolution
		Debug|Any CPU = Debug|Any CPU
		Release|Any CPU = Release|Any CPU
	EndGlobalSection
	GlobalSection(ProjectConfigurationPlatforms) = postSolution
		{FCAB26F6-07E4-4871-AF01-808848404DD9}.Debug|Any CPU.ActiveCfg = Debug|Any CPU
		{FCAB26F6-07E4-4871-AF01-808848404DD9}.Debug|Any CPU.Build.0 = Debug|Any CPU
		{FCAB26F6-07E4-4871-AF01-808848404DD9}.Release|Any CPU.ActiveCfg = Release|Any CPU
		{FCAB26F6-07E4-4871-AF01-808848404DD9}.Release|Any CPU.Build.0 = Release|Any CPU
	EndGlobalSection
	GlobalSection(SolutionProperties) = preSolution
		HideSolutionNode = FALSE
	EndGlobalSection
	GlobalSection(ExtensibilityGlobals) = postSolution
		SolutionGuid = {E2BE3812-3169-4620-B84F-348CDE87C8D9}
	EndGlobalSection
EndGlobal
